
Microsoft Visual Studio Solution File, Format Version 12.00
# Visual Studio 15
VisualStudioVersion = 15.0.27428.2037
MinimumVisualStudioVersion = 10.0.40219.1
Project("{FAE04EC0-301F-11D3-BF4B-00C04F79EFBC}") = "YMS3514GithubDenem", "YMS3514GithubDenem\YMS3514GithubDenem.csproj", "{80BFE7F6-ECC3-445B-846F-7711BB74B602}"
EndProject
Global
	GlobalSection(SolutionConfigurationPlatforms) = preSolution
		Debug|Any CPU = Debug|Any CPU
		Release|Any CPU = Release|Any CPU
	EndGlobalSection
	GlobalSection(ProjectConfigurationPlatforms) = postSolution
		{80BFE7F6-ECC3-445B-846F-7711BB74B602}.Debug|Any CPU.ActiveCfg = Debug|Any CPU
		{80BFE7F6-ECC3-445B-846F-7711BB74B602}.Debug|Any CPU.Build.0 = Debug|Any CPU
		{80BFE7F6-ECC3-445B-846F-7711BB74B602}.Release|Any CPU.ActiveCfg = Release|Any CPU
		{80BFE7F6-ECC3-445B-846F-7711BB74B602}.Release|Any CPU.Build.0 = Release|Any CPU
	EndGlobalSection
	GlobalSection(SolutionProperties) = preSolution
		HideSolutionNode = FALSE
	EndGlobalSection
	GlobalSection(ExtensibilityGlobals) = postSolution
		SolutionGuid = {68927E09-B88C-4B1B-925C-78BCFC2C0133}
	EndGlobalSection
EndGlobal
